{
  "name": "sigma",
  "version": "1.0.0",
  "lockfileVersion": 2,
  "requires": true,
  "packages": {
    "": {
      "name": "sigma",
      "version": "1.0.0",
      "dependencies": {
        "@types/assert": "^1.5.6"
      },
      "devDependencies": {
        "@figma/plugin-typings": "^1.39.1"
      }
    },
    "node_modules/@figma/plugin-typings": {
      "version": "1.39.1",
      "resolved": "https://registry.npmjs.org/@figma/plugin-typings/-/plugin-typings-1.39.1.tgz",
      "integrity": "sha512-N5gBH0C6E1xaKz4dbcQMbGc7SU8k02yDQVv0eVWNPQu5w+Wd8a43Qy5uthlshbFXzBzmkay7gtGo1GkiahMzoQ==",
      "dev": true
    },
    "node_modules/@types/assert": {
      "version": "1.5.6",
      "resolved": "https://registry.npmjs.org/@types/assert/-/assert-1.5.6.tgz",
      "integrity": "sha512-Y7gDJiIqb9qKUHfBQYOWGngUpLORtirAVPuj/CWJrU2C6ZM4/y3XLwuwfGMF8s7QzW746LQZx23m0+1FSgjfug=="
    }
  },
  "dependencies": {
    "@figma/plugin-typings": {
      "version": "1.39.1",
      "resolved": "https://registry.npmjs.org/@figma/plugin-typings/-/plugin-typings-1.39.1.tgz",
      "integrity": "sha512-N5gBH0C6E1xaKz4dbcQMbGc7SU8k02yDQVv0eVWNPQu5w+Wd8a43Qy5uthlshbFXzBzmkay7gtGo1GkiahMzoQ==",
      "dev": true
    },
    "@types/assert": {
      "version": "1.5.6",
      "resolved": "https://registry.npmjs.org/@types/assert/-/assert-1.5.6.tgz",
      "integrity": "sha512-Y7gDJiIqb9qKUHfBQYOWGngUpLORtirAVPuj/CWJrU2C6ZM4/y3XLwuwfGMF8s7QzW746LQZx23m0+1FSgjfug=="
    }
  }
}
